// !$*UTF8*$!
{
	archiveVersion = 1;
	classes = {
	};
	objectVersion = 56;
	objects = {

/* Begin PBXBuildFile section */
		7108D151297583A600923FFD /* Apple_FrameworksApp.swift in Sources */ = {isa = PBXBuildFile; fileRef = 7108D150297583A600923FFD /* Apple_FrameworksApp.swift */; };
		7108D155297583A700923FFD /* Assets.xcassets in Resources */ = {isa = PBXBuildFile; fileRef = 7108D154297583A700923FFD /* Assets.xcassets */; };
		7108D158297583A700923FFD /* Preview Assets.xcassets in Resources */ = {isa = PBXBuildFile; fileRef = 7108D157297583A700923FFD /* Preview Assets.xcassets */; };
		7108D15F2975856800923FFD /* Framework.swift in Sources */ = {isa = PBXBuildFile; fileRef = 7108D15E2975856800923FFD /* Framework.swift */; };
		7108D1632975864900923FFD /* FrameworkGridView.swift in Sources */ = {isa = PBXBuildFile; fileRef = 7108D1622975864900923FFD /* FrameworkGridView.swift */; };
		7108D165297593AC00923FFD /* FrameworkDetailed.swift in Sources */ = {isa = PBXBuildFile; fileRef = 7108D164297593AC00923FFD /* FrameworkDetailed.swift */; };
		7108D16729759BFA00923FFD /* AFButton.swift in Sources */ = {isa = PBXBuildFile; fileRef = 7108D16629759BFA00923FFD /* AFButton.swift */; };
		7108D1692975B20600923FFD /* FrameworkGridViewModel.swift in Sources */ = {isa = PBXBuildFile; fileRef = 7108D1682975B20600923FFD /* FrameworkGridViewModel.swift */; };
		7108D16B2975BB9E00923FFD /* SafariView.swift in Sources */ = {isa = PBXBuildFile; fileRef = 7108D16A2975BB9E00923FFD /* SafariView.swift */; };
		7108D16D2975C04000923FFD /* FrameworkTitleView.swift in Sources */ = {isa = PBXBuildFile; fileRef = 7108D16C2975C04000923FFD /* FrameworkTitleView.swift */; };
		7108D16F2975C0DE00923FFD /* XDismissButton.swift in Sources */ = {isa = PBXBuildFile; fileRef = 7108D16E2975C0DE00923FFD /* XDismissButton.swift */; };
/* End PBXBuildFile section */

/* Begin PBXFileReference section */
		7108D14D297583A600923FFD /* Apple-Frameworks.app */ = {isa = PBXFileReference; explicitFileType = wrapper.application; includeInIndex = 0; path = "Apple-Frameworks.app"; sourceTree = BUILT_PRODUCTS_DIR; };
		7108D150297583A600923FFD /* Apple_FrameworksApp.swift */ = {isa = PBXFileReference; lastKnownFileType = sourcecode.swift; path = Apple_FrameworksApp.swift; sourceTree = "<group>"; };
		7108D154297583A700923FFD /* Assets.xcassets */ = {isa = PBXFileReference; lastKnownFileType = folder.assetcatalog; path = Assets.xcassets; sourceTree = "<group>"; };
		7108D157297583A700923FFD /* Preview Assets.xcassets */ = {isa = PBXFileReference; lastKnownFileType = folder.assetcatalog; path = "Preview Assets.xcassets"; sourceTree = "<group>"; };
		7108D15E2975856800923FFD /* Framework.swift */ = {isa = PBXFileReference; lastKnownFileType = sourcecode.swift; path = Framework.swift; sourceTree = "<group>"; };
		7108D1622975864900923FFD /* FrameworkGridView.swift */ = {isa = PBXFileReference; lastKnownFileType = sourcecode.swift; path = FrameworkGridView.swift; sourceTree = "<group>"; };
		7108D164297593AC00923FFD /* FrameworkDetailed.swift */ = {isa = PBXFileReference; lastKnownFileType = sourcecode.swift; path = FrameworkDetailed.swift; sourceTree = "<group>"; };
		7108D16629759BFA00923FFD /* AFButton.swift */ = {isa = PBXFileReference; lastKnownFileType = sourcecode.swift; path = AFButton.swift; sourceTree = "<group>"; };
		7108D1682975B20600923FFD /* FrameworkGridViewModel.swift */ = {isa = PBXFileReference; lastKnownFileType = sourcecode.swift; path = FrameworkGridViewModel.swift; sourceTree = "<group>"; };
		7108D16A2975BB9E00923FFD /* SafariView.swift */ = {isa = PBXFileReference; lastKnownFileType = sourcecode.swift; path = SafariView.swift; sourceTree = "<group>"; };
		7108D16C2975C04000923FFD /* FrameworkTitleView.swift */ = {isa = PBXFileReference; lastKnownFileType = sourcecode.swift; path = FrameworkTitleView.swift; sourceTree = "<group>"; };
		7108D16E2975C0DE00923FFD /* XDismissButton.swift */ = {isa = PBXFileReference; lastKnownFileType = sourcecode.swift; path = XDismissButton.swift; sourceTree = "<group>"; };
/* End PBXFileReference section */

/* Begin PBXFrameworksBuildPhase section */
		7108D14A297583A600923FFD /* Frameworks */ = {
			isa = PBXFrameworksBuildPhase;
			buildActionMask = 2147483647;
			files = (
			);
			runOnlyForDeploymentPostprocessing = 0;
		};
/* End PBXFrameworksBuildPhase section */

/* Begin PBXGroup section */
		7108D144297583A600923FFD = {
			isa = PBXGroup;
			children = (
				7108D14F297583A600923FFD /* Apple-Frameworks */,
				7108D14E297583A600923FFD /* Products */,
			);
			sourceTree = "<group>";
		};
		7108D14E297583A600923FFD /* Products */ = {
			isa = PBXGroup;
			children = (
				7108D14D297583A600923FFD /* Apple-Frameworks.app */,
			);
			name = Products;
			sourceTree = "<group>";
		};
		7108D14F297583A600923FFD /* Apple-Frameworks */ = {
			isa = PBXGroup;
			children = (
				7108D1782975C32E00923FFD /* UIKitComponents  */,
				7108D1752975C2D500923FFD /* Views */,
				7108D1742975C2C600923FFD /* Model */,
				7108D1712975C24600923FFD /* Screens */,
				7108D150297583A600923FFD /* Apple_FrameworksApp.swift */,
				7108D154297583A700923FFD /* Assets.xcassets */,
				7108D156297583A700923FFD /* Preview Content */,
			);
			path = "Apple-Frameworks";
			sourceTree = "<group>";
		};
		7108D156297583A700923FFD /* Preview Content */ = {
			isa = PBXGroup;
			children = (
				7108D157297583A700923FFD /* Preview Assets.xcassets */,
			);
			path = "Preview Content";
			sourceTree = "<group>";
		};
		7108D1712975C24600923FFD /* Screens */ = {
			isa = PBXGroup;
			children = (
				7108D1722975C25400923FFD /* FrameworkGridView */,
				7108D1732975C27300923FFD /* FrameworkDetailView */,
			);
			path = Screens;
			sourceTree = "<group>";
		};
		7108D1722975C25400923FFD /* FrameworkGridView */ = {
			isa = PBXGroup;
			children = (
				7108D1622975864900923FFD /* FrameworkGridView.swift */,
				7108D1682975B20600923FFD /* FrameworkGridViewModel.swift */,
			);
			path = FrameworkGridView;
			sourceTree = "<group>";
		};
		7108D1732975C27300923FFD /* FrameworkDetailView */ = {
			isa = PBXGroup;
			children = (
				7108D164297593AC00923FFD /* FrameworkDetailed.swift */,
			);
			path = FrameworkDetailView;
			sourceTree = "<group>";
		};
		7108D1742975C2C600923FFD /* Model */ = {
			isa = PBXGroup;
			children = (
				7108D15E2975856800923FFD /* Framework.swift */,
			);
			path = Model;
			sourceTree = "<group>";
		};
		7108D1752975C2D500923FFD /* Views */ = {
			isa = PBXGroup;
			children = (
				7108D1772975C30800923FFD /* View */,
				7108D1762975C2DD00923FFD /* Buttons */,
			);
			path = Views;
			sourceTree = "<group>";
		};
		7108D1762975C2DD00923FFD /* Buttons */ = {
			isa = PBXGroup;
			children = (
				7108D16E2975C0DE00923FFD /* XDismissButton.swift */,
				7108D16629759BFA00923FFD /* AFButton.swift */,
			);
			path = Buttons;
			sourceTree = "<group>";
		};
		7108D1772975C30800923FFD /* View */ = {
			isa = PBXGroup;
			children = (
				7108D16C2975C04000923FFD /* FrameworkTitleView.swift */,
			);
			path = View;
			sourceTree = "<group>";
		};
		7108D1782975C32E00923FFD /* UIKitComponents  */ = {
			isa = PBXGroup;
			children = (
				7108D16A2975BB9E00923FFD /* SafariView.swift */,
			);
			path = "UIKitComponents ";
			sourceTree = "<group>";
		};
/* End PBXGroup section */

/* Begin PBXNativeTarget section */
		7108D14C297583A600923FFD /* Apple-Frameworks */ = {
			isa = PBXNativeTarget;
			buildConfigurationList = 7108D15B297583A700923FFD /* Build configuration list for PBXNativeTarget "Apple-Frameworks" */;
			buildPhases = (
				7108D149297583A600923FFD /* Sources */,
				7108D14A297583A600923FFD /* Frameworks */,
				7108D14B297583A600923FFD /* Resources */,
			);
			buildRules = (
			);
			dependencies = (
			);
			name = "Apple-Frameworks";
			productName = "Apple-Frameworks";
			productReference = 7108D14D297583A600923FFD /* Apple-Frameworks.app */;
			productType = "com.apple.product-type.application";
		};
/* End PBXNativeTarget section */

/* Begin PBXProject section */
		7108D145297583A600923FFD /* Project object */ = {
			isa = PBXProject;
			attributes = {
				BuildIndependentTargetsInParallel = 1;
				LastSwiftUpdateCheck = 1420;
				LastUpgradeCheck = 1420;
				TargetAttributes = {
					7108D14C297583A600923FFD = {
						CreatedOnToolsVersion = 14.2;
					};
				};
			};
			buildConfigurationList = 7108D148297583A600923FFD /* Build configuration list for PBXProject "Apple-Frameworks" */;
			compatibilityVersion = "Xcode 14.0";
			developmentRegion = en;
			hasScannedForEncodings = 0;
			knownRegions = (
				en,
				Base,
			);
			mainGroup = 7108D144297583A600923FFD;
			productRefGroup = 7108D14E297583A600923FFD /* Products */;
			projectDirPath = "";
			projectRoot = "";
			targets = (
				7108D14C297583A600923FFD /* Apple-Frameworks */,
			);
		};
/* End PBXProject section */

/* Begin PBXResourcesBuildPhase section */
		7108D14B297583A600923FFD /* Resources */ = {
			isa = PBXResourcesBuildPhase;
			buildActionMask = 2147483647;
			files = (
				7108D158297583A700923FFD /* Preview Assets.xcassets in Resources */,
				7108D155297583A700923FFD /* Assets.xcassets in Resources */,
			);
			runOnlyForDeploymentPostprocessing = 0;
		};
/* End PBXResourcesBuildPhase section */

/* Begin PBXSourcesBuildPhase section */
		7108D149297583A600923FFD /* Sources */ = {
			isa = PBXSourcesBuildPhase;
			buildActionMask = 2147483647;
			files = (
				7108D165297593AC00923FFD /* FrameworkDetailed.swift in Sources */,
				7108D1632975864900923FFD /* FrameworkGridView.swift in Sources */,
				7108D16F2975C0DE00923FFD /* XDismissButton.swift in Sources */,
				7108D15F2975856800923FFD /* Framework.swift in Sources */,
				7108D16729759BFA00923FFD /* AFButton.swift in Sources */,
				7108D151297583A600923FFD /* Apple_FrameworksApp.swift in Sources */,
				7108D1692975B20600923FFD /* FrameworkGridViewModel.swift in Sources */,
				7108D16D2975C04000923FFD /* FrameworkTitleView.swift in Sources */,
				7108D16B2975BB9E00923FFD /* SafariView.swift in Sources */,
			);
			runOnlyForDeploymentPostprocessing = 0;
		};
/* End PBXSourcesBuildPhase section */

/* Begin XCBuildConfiguration section */
		7108D159297583A700923FFD /* Debug */ = {
			isa = XCBuildConfiguration;
			buildSettings = {
				ALWAYS_SEARCH_USER_PATHS = NO;
				CLANG_ANALYZER_NONNULL = YES;
				CLANG_ANALYZER_NUMBER_OBJECT_CONVERSION = YES_AGGRESSIVE;
				CLANG_CXX_LANGUAGE_STANDARD = "gnu++20";
				CLANG_ENABLE_MODULES = YES;
				CLANG_ENABLE_OBJC_ARC = YES;
				CLANG_ENABLE_OBJC_WEAK = YES;
				CLANG_WARN_BLOCK_CAPTURE_AUTORELEASING = YES;
				CLANG_WARN_BOOL_CONVERSION = YES;
				CLANG_WARN_COMMA = YES;
				CLANG_WARN_CONSTANT_CONVERSION = YES;
				CLANG_WARN_DEPRECATED_OBJC_IMPLEMENTATIONS = YES;
				CLANG_WARN_DIRECT_OBJC_ISA_USAGE = YES_ERROR;
				CLANG_WARN_DOCUMENTATION_COMMENTS = YES;
				CLANG_WARN_EMPTY_BODY = YES;
				CLANG_WARN_ENUM_CONVERSION = YES;
				CLANG_WARN_INFINITE_RECURSION = YES;
				CLANG_WARN_INT_CONVERSION = YES;
				CLANG_WARN_NON_LITERAL_NULL_CONVERSION = YES;
				CLANG_WARN_OBJC_IMPLICIT_RETAIN_SELF = YES;
				CLANG_WARN_OBJC_LITERAL_CONVERSION = YES;
				CLANG_WARN_OBJC_ROOT_CLASS = YES_ERROR;
				CLANG_WARN_QUOTED_INCLUDE_IN_FRAMEWORK_HEADER = YES;
				CLANG_WARN_RANGE_LOOP_ANALYSIS = YES;
				CLANG_WARN_STRICT_PROTOTYPES = YES;
				CLANG_WARN_SUSPICIOUS_MOVE = YES;
				CLANG_WARN_UNGUARDED_AVAILABILITY = YES_AGGRESSIVE;
				CLANG_WARN_UNREACHABLE_CODE = YES;
				CLANG_WARN__DUPLICATE_METHOD_MATCH = YES;
				COPY_PHASE_STRIP = NO;
				DEBUG_INFORMATION_FORMAT = dwarf;
				ENABLE_STRICT_OBJC_MSGSEND = YES;
				ENABLE_TESTABILITY = YES;
				GCC_C_LANGUAGE_STANDARD = gnu11;
				GCC_DYNAMIC_NO_PIC = NO;
				GCC_NO_COMMON_BLOCKS = YES;
				GCC_OPTIMIZATION_LEVEL = 0;
				GCC_PREPROCESSOR_DEFINITIONS = (
					"DEBUG=1",
					"$(inherited)",
				);
				GCC_WARN_64_TO_32_BIT_CONVERSION = YES;
				GCC_WARN_ABOUT_RETURN_TYPE = YES_ERROR;
				GCC_WARN_UNDECLARED_SELECTOR = YES;
				GCC_WARN_UNINITIALIZED_AUTOS = YES_AGGRESSIVE;
				GCC_WARN_UNUSED_FUNCTION = YES;
				GCC_WARN_UNUSED_VARIABLE = YES;
				IPHONEOS_DEPLOYMENT_TARGET = 16.2;
				MTL_ENABLE_DEBUG_INFO = INCLUDE_SOURCE;
				MTL_FAST_MATH = YES;
				ONLY_ACTIVE_ARCH = YES;
				SDKROOT = iphoneos;
				SWIFT_ACTIVE_COMPILATION_CONDITIONS = DEBUG;
				SWIFT_OPTIMIZATION_LEVEL = "-Onone";
			};
			name = Debug;
		};
		7108D15A297583A700923FFD /* Release */ = {
			isa = XCBuildConfiguration;
			buildSettings = {
				ALWAYS_SEARCH_USER_PATHS = NO;
				CLANG_ANALYZER_NONNULL = YES;
				CLANG_ANALYZER_NUMBER_OBJECT_CONVERSION = YES_AGGRESSIVE;
				CLANG_CXX_LANGUAGE_STANDARD = "gnu++20";
				CLANG_ENABLE_MODULES = YES;
				CLANG_ENABLE_OBJC_ARC = YES;
				CLANG_ENABLE_OBJC_WEAK = YES;
				CLANG_WARN_BLOCK_CAPTURE_AUTORELEASING = YES;
				CLANG_WARN_BOOL_CONVERSION = YES;
				CLANG_WARN_COMMA = YES;
				CLANG_WARN_CONSTANT_CONVERSION = YES;
				CLANG_WARN_DEPRECATED_OBJC_IMPLEMENTATIONS = YES;
				CLANG_WARN_DIRECT_OBJC_ISA_USAGE = YES_ERROR;
				CLANG_WARN_DOCUMENTATION_COMMENTS = YES;
				CLANG_WARN_EMPTY_BODY = YES;
				CLANG_WARN_ENUM_CONVERSION = YES;
				CLANG_WARN_INFINITE_RECURSION = YES;
				CLANG_WARN_INT_CONVERSION = YES;
				CLANG_WARN_NON_LITERAL_NULL_CONVERSION = YES;
				CLANG_WARN_OBJC_IMPLICIT_RETAIN_SELF = YES;
				CLANG_WARN_OBJC_LITERAL_CONVERSION = YES;
				CLANG_WARN_OBJC_ROOT_CLASS = YES_ERROR;
				CLANG_WARN_QUOTED_INCLUDE_IN_FRAMEWORK_HEADER = YES;
				CLANG_WARN_RANGE_LOOP_ANALYSIS = YES;
				CLANG_WARN_STRICT_PROTOTYPES = YES;
				CLANG_WARN_SUSPICIOUS_MOVE = YES;
				CLANG_WARN_UNGUARDED_AVAILABILITY = YES_AGGRESSIVE;
				CLANG_WARN_UNREACHABLE_CODE = YES;
				CLANG_WARN__DUPLICATE_METHOD_MATCH = YES;
				COPY_PHASE_STRIP = NO;
				DEBUG_INFORMATION_FORMAT = "dwarf-with-dsym";
				ENABLE_NS_ASSERTIONS = NO;
				ENABLE_STRICT_OBJC_MSGSEND = YES;
				GCC_C_LANGUAGE_STANDARD = gnu11;
				GCC_NO_COMMON_BLOCKS = YES;
				GCC_WARN_64_TO_32_BIT_CONVERSION = YES;
				GCC_WARN_ABOUT_RETURN_TYPE = YES_ERROR;
				GCC_WARN_UNDECLARED_SELECTOR = YES;
				GCC_WARN_UNINITIALIZED_AUTOS = YES_AGGRESSIVE;
				GCC_WARN_UNUSED_FUNCTION = YES;
				GCC_WARN_UNUSED_VARIABLE = YES;
				IPHONEOS_DEPLOYMENT_TARGET = 16.2;
				MTL_ENABLE_DEBUG_INFO = NO;
				MTL_FAST_MATH = YES;
				SDKROOT = iphoneos;
				SWIFT_COMPILATION_MODE = wholemodule;
				SWIFT_OPTIMIZATION_LEVEL = "-O";
				VALIDATE_PRODUCT = YES;
			};
			name = Release;
		};
		7108D15C297583A700923FFD /* Debug */ = {
			isa = XCBuildConfiguration;
			buildSettings = {
				ASSETCATALOG_COMPILER_APPICON_NAME = AppIcon;
				ASSETCATALOG_COMPILER_GLOBAL_ACCENT_COLOR_NAME = AccentColor;
				CODE_SIGN_STYLE = Automatic;
				CURRENT_PROJECT_VERSION = 1;
				DEVELOPMENT_ASSET_PATHS = "\"Apple-Frameworks/Preview Content\"";
				DEVELOPMENT_TEAM = 253V658MGS;
				ENABLE_PREVIEWS = YES;
				GENERATE_INFOPLIST_FILE = YES;
				INFOPLIST_KEY_UIApplicationSceneManifest_Generation = YES;
				INFOPLIST_KEY_UIApplicationSupportsIndirectInputEvents = YES;
				INFOPLIST_KEY_UILaunchScreen_Generation = YES;
				INFOPLIST_KEY_UISupportedInterfaceOrientations_iPad = "UIInterfaceOrientationPortrait UIInterfaceOrientationPortraitUpsideDown UIInterfaceOrientationLandscapeLeft UIInterfaceOrientationLandscapeRight";
				INFOPLIST_KEY_UISupportedInterfaceOrientations_iPhone = "UIInterfaceOrientationPortrait UIInterfaceOrientationLandscapeLeft UIInterfaceOrientationLandscapeRight";
				LD_RUNPATH_SEARCH_PATHS = (
					"$(inherited)",
					"@executable_path/Frameworks",
				);
				MARKETING_VERSION = 1.0;
				PRODUCT_BUNDLE_IDENTIFIER = "akma.Apple-Frameworks";
				PRODUCT_NAME = "$(TARGET_NAME)";
				SWIFT_EMIT_LOC_STRINGS = YES;
				SWIFT_VERSION = 5.0;
				TARGETED_DEVICE_FAMILY = "1,2";
			};
			name = Debug;
		};
		7108D15D297583A700923FFD /* Release */ = {
			isa = XCBuildConfiguration;
			buildSettings = {
				ASSETCATALOG_COMPILER_APPICON_NAME = AppIcon;
				ASSETCATALOG_COMPILER_GLOBAL_ACCENT_COLOR_NAME = AccentColor;
				CODE_SIGN_STYLE = Automatic;
				CURRENT_PROJECT_VERSION = 1;
				DEVELOPMENT_ASSET_PATHS = "\"Apple-Frameworks/Preview Content\"";
				DEVELOPMENT_TEAM = 253V658MGS;
				ENABLE_PREVIEWS = YES;
				GENERATE_INFOPLIST_FILE = YES;
				INFOPLIST_KEY_UIApplicationSceneManifest_Generation = YES;
				INFOPLIST_KEY_UIApplicationSupportsIndirectInputEvents = YES;
				INFOPLIST_KEY_UILaunchScreen_Generation = YES;
				INFOPLIST_KEY_UISupportedInterfaceOrientations_iPad = "UIInterfaceOrientationPortrait UIInterfaceOrientationPortraitUpsideDown UIInterfaceOrientationLandscapeLeft UIInterfaceOrientationLandscapeRight";
				INFOPLIST_KEY_UISupportedInterfaceOrientations_iPhone = "UIInterfaceOrientationPortrait UIInterfaceOrientationLandscapeLeft UIInterfaceOrientationLandscapeRight";
				LD_RUNPATH_SEARCH_PATHS = (
					"$(inherited)",
					"@executable_path/Frameworks",
				);
				MARKETING_VERSION = 1.0;
				PRODUCT_BUNDLE_IDENTIFIER = "akma.Apple-Frameworks";
				PRODUCT_NAME = "$(TARGET_NAME)";
				SWIFT_EMIT_LOC_STRINGS = YES;
				SWIFT_VERSION = 5.0;
				TARGETED_DEVICE_FAMILY = "1,2";
			};
			name = Release;
		};
/* End XCBuildConfiguration section */

/* Begin XCConfigurationList section */
		7108D148297583A600923FFD /* Build configuration list for PBXProject "Apple-Frameworks" */ = {
			isa = XCConfigurationList;
			buildConfigurations = (
				7108D159297583A700923FFD /* Debug */,
				7108D15A297583A700923FFD /* Release */,
			);
			defaultConfigurationIsVisible = 0;
			defaultConfigurationName = Release;
		};
		7108D15B297583A700923FFD /* Build configuration list for PBXNativeTarget "Apple-Frameworks" */ = {
			isa = XCConfigurationList;
			buildConfigurations = (
				7108D15C297583A700923FFD /* Debug */,
				7108D15D297583A700923FFD /* Release */,
			);
			defaultConfigurationIsVisible = 0;
			defaultConfigurationName = Release;
		};
/* End XCConfigurationList section */
	};
	rootObject = 7108D145297583A600923FFD /* Project object */;
}
